
Microsoft Visual Studio Solution File, Format Version 12.00
# Visual Studio 15
VisualStudioVersion = 15.0.28307.539
MinimumVisualStudioVersion = 10.0.40219.1
Project("{8BC9CEB8-8B4A-11D0-8D11-00A0C91BC942}") = "Step_04", "Step_04\Step_04.vcxproj", "{E0BFDBC4-99A2-4310-A99F-FC6E56E81F8F}"
EndProject
Global
	GlobalSection(SolutionConfigurationPlatforms) = preSolution
		Debug|x64 = Debug|x64
		Debug|x86 = Debug|x86
		Release|x64 = Release|x64
		Release|x86 = Release|x86
	EndGlobalSection
	GlobalSection(ProjectConfigurationPlatforms) = postSolution
		{E0BFDBC4-99A2-4310-A99F-FC6E56E81F8F}.Debug|x64.ActiveCfg = Debug|x64
		{E0BFDBC4-99A2-4310-A99F-FC6E56E81F8F}.Debug|x64.Build.0 = Debug|x64
		{E0BFDBC4-99A2-4310-A99F-FC6E56E81F8F}.Debug|x86.ActiveCfg = Debug|Win32
		{E0BFDBC4-99A2-4310-A99F-FC6E56E81F8F}.Debug|x86.Build.0 = Debug|Win32
		{E0BFDBC4-99A2-4310-A99F-FC6E56E81F8F}.Release|x64.ActiveCfg = Release|x64
		{E0BFDBC4-99A2-4310-A99F-FC6E56E81F8F}.Release|x64.Build.0 = Release|x64
		{E0BFDBC4-99A2-4310-A99F-FC6E56E81F8F}.Release|x86.ActiveCfg = Release|Win32
		{E0BFDBC4-99A2-4310-A99F-FC6E56E81F8F}.Release|x86.Build.0 = Release|Win32
	EndGlobalSection
	GlobalSection(SolutionProperties) = preSolution
		HideSolutionNode = FALSE
	EndGlobalSection
	GlobalSection(ExtensibilityGlobals) = postSolution
		SolutionGuid = {FAC98B14-3120-4336-93F0-1B73433C6759}
	EndGlobalSection
EndGlobal
